// !$*UTF8*$!
{
	archiveVersion = 1;
	classes = {
	};
	objectVersion = 50;
	objects = {

/* Begin PBXBuildFile section */
		6E197BE42190D664006FC412 /* NGTools.framework in Frameworks */ = {isa = PBXBuildFile; fileRef = 6E197BDA2190D663006FC412 /* NGTools.framework */; };
		6E197BEB2190D664006FC412 /* NGTools.h in Headers */ = {isa = PBXBuildFile; fileRef = 6E197BDD2190D663006FC412 /* NGTools.h */; settings = {ATTRIBUTES = (Public, ); }; };
		6E197C012190D672006FC412 /* curry.swift in Sources */ = {isa = PBXBuildFile; fileRef = 6E197BF42190D672006FC412 /* curry.swift */; };
		6E197C022190D672006FC412 /* copyOnWriteValueType.swift in Sources */ = {isa = PBXBuildFile; fileRef = 6E197BF52190D672006FC412 /* copyOnWriteValueType.swift */; };
		6E197C032190D672006FC412 /* AnyDecodable.swift in Sources */ = {isa = PBXBuildFile; fileRef = 6E197BF72190D672006FC412 /* AnyDecodable.swift */; };
		6E197C042190D672006FC412 /* FailableDecodable.swift in Sources */ = {isa = PBXBuildFile; fileRef = 6E197BF82190D672006FC412 /* FailableDecodable.swift */; };
		6E197C052190D672006FC412 /* JsonLoader.swift in Sources */ = {isa = PBXBuildFile; fileRef = 6E197BF92190D672006FC412 /* JsonLoader.swift */; };
		6E197C062190D672006FC412 /* memoization.swift in Sources */ = {isa = PBXBuildFile; fileRef = 6E197BFA2190D672006FC412 /* memoization.swift */; };
		6E197C072190D672006FC412 /* Array.swift in Sources */ = {isa = PBXBuildFile; fileRef = 6E197BFB2190D672006FC412 /* Array.swift */; };
		6E197C082190D672006FC412 /* stringify.swift in Sources */ = {isa = PBXBuildFile; fileRef = 6E197BFD2190D672006FC412 /* stringify.swift */; };
		6E197C092190D672006FC412 /* UIColor+UIImage.swift in Sources */ = {isa = PBXBuildFile; fileRef = 6E197BFF2190D672006FC412 /* UIColor+UIImage.swift */; };
		6E197C0A2190D672006FC412 /* UIImage+UIColor.swift in Sources */ = {isa = PBXBuildFile; fileRef = 6E197C002190D672006FC412 /* UIImage+UIColor.swift */; };
		6EA14E622194B878005B44F7 /* Validator.swift in Sources */ = {isa = PBXBuildFile; fileRef = 6EA14E612194B878005B44F7 /* Validator.swift */; };
		D81F22A121CC477200B9382D /* Reachability.swift in Sources */ = {isa = PBXBuildFile; fileRef = D81F22A021CC477200B9382D /* Reachability.swift */; };
		D861C39F219225DE009E7E29 /* CacheItem.swift in Sources */ = {isa = PBXBuildFile; fileRef = D861C39E219225DE009E7E29 /* CacheItem.swift */; };
/* End PBXBuildFile section */

/* Begin PBXContainerItemProxy section */
		6E197BE52190D664006FC412 /* PBXContainerItemProxy */ = {
			isa = PBXContainerItemProxy;
			containerPortal = 6E197BD12190D663006FC412 /* Project object */;
			proxyType = 1;
			remoteGlobalIDString = 6E197BD92190D663006FC412;
			remoteInfo = NGTools;
		};
/* End PBXContainerItemProxy section */

/* Begin PBXFileReference section */
		6E197BDA2190D663006FC412 /* NGTools.framework */ = {isa = PBXFileReference; explicitFileType = wrapper.framework; includeInIndex = 0; path = NGTools.framework; sourceTree = BUILT_PRODUCTS_DIR; };
		6E197BDD2190D663006FC412 /* NGTools.h */ = {isa = PBXFileReference; lastKnownFileType = sourcecode.c.h; path = NGTools.h; sourceTree = "<group>"; };
		6E197BDE2190D663006FC412 /* Info.plist */ = {isa = PBXFileReference; lastKnownFileType = text.plist.xml; path = Info.plist; sourceTree = "<group>"; };
		6E197BE32190D664006FC412 /* NGToolsTests.xctest */ = {isa = PBXFileReference; explicitFileType = wrapper.cfbundle; includeInIndex = 0; path = NGToolsTests.xctest; sourceTree = BUILT_PRODUCTS_DIR; };
		6E197BEA2190D664006FC412 /* Info.plist */ = {isa = PBXFileReference; lastKnownFileType = text.plist.xml; path = Info.plist; sourceTree = "<group>"; };
		6E197BF42190D672006FC412 /* curry.swift */ = {isa = PBXFileReference; fileEncoding = 4; lastKnownFileType = sourcecode.swift; path = curry.swift; sourceTree = "<group>"; };
		6E197BF52190D672006FC412 /* copyOnWriteValueType.swift */ = {isa = PBXFileReference; fileEncoding = 4; lastKnownFileType = sourcecode.swift; path = copyOnWriteValueType.swift; sourceTree = "<group>"; };
		6E197BF72190D672006FC412 /* AnyDecodable.swift */ = {isa = PBXFileReference; fileEncoding = 4; lastKnownFileType = sourcecode.swift; path = AnyDecodable.swift; sourceTree = "<group>"; };
		6E197BF82190D672006FC412 /* FailableDecodable.swift */ = {isa = PBXFileReference; fileEncoding = 4; lastKnownFileType = sourcecode.swift; path = FailableDecodable.swift; sourceTree = "<group>"; };
		6E197BF92190D672006FC412 /* JsonLoader.swift */ = {isa = PBXFileReference; fileEncoding = 4; lastKnownFileType = sourcecode.swift; path = JsonLoader.swift; sourceTree = "<group>"; };
		6E197BFA2190D672006FC412 /* memoization.swift */ = {isa = PBXFileReference; fileEncoding = 4; lastKnownFileType = sourcecode.swift; path = memoization.swift; sourceTree = "<group>"; };
		6E197BFB2190D672006FC412 /* Array.swift */ = {isa = PBXFileReference; fileEncoding = 4; lastKnownFileType = sourcecode.swift; path = Array.swift; sourceTree = "<group>"; };
		6E197BFD2190D672006FC412 /* stringify.swift */ = {isa = PBXFileReference; fileEncoding = 4; lastKnownFileType = sourcecode.swift; path = stringify.swift; sourceTree = "<group>"; };
		6E197BFF2190D672006FC412 /* UIColor+UIImage.swift */ = {isa = PBXFileReference; fileEncoding = 4; lastKnownFileType = sourcecode.swift; path = "UIColor+UIImage.swift"; sourceTree = "<group>"; };
		6E197C002190D672006FC412 /* UIImage+UIColor.swift */ = {isa = PBXFileReference; fileEncoding = 4; lastKnownFileType = sourcecode.swift; path = "UIImage+UIColor.swift"; sourceTree = "<group>"; };
		6EA14E612194B878005B44F7 /* Validator.swift */ = {isa = PBXFileReference; lastKnownFileType = sourcecode.swift; path = Validator.swift; sourceTree = "<group>"; };
		D81F22A021CC477200B9382D /* Reachability.swift */ = {isa = PBXFileReference; fileEncoding = 4; lastKnownFileType = sourcecode.swift; path = Reachability.swift; sourceTree = "<group>"; };
		D861C39E219225DE009E7E29 /* CacheItem.swift */ = {isa = PBXFileReference; lastKnownFileType = sourcecode.swift; path = CacheItem.swift; sourceTree = "<group>"; };
/* End PBXFileReference section */

/* Begin PBXFrameworksBuildPhase section */
		6E197BD72190D663006FC412 /* Frameworks */ = {
			isa = PBXFrameworksBuildPhase;
			buildActionMask = 2147483647;
			files = (
			);
			runOnlyForDeploymentPostprocessing = 0;
		};
		6E197BE02190D664006FC412 /* Frameworks */ = {
			isa = PBXFrameworksBuildPhase;
			buildActionMask = 2147483647;
			files = (
				6E197BE42190D664006FC412 /* NGTools.framework in Frameworks */,
			);
			runOnlyForDeploymentPostprocessing = 0;
		};
/* End PBXFrameworksBuildPhase section */

/* Begin PBXGroup section */
		6E197BD02190D663006FC412 = {
			isa = PBXGroup;
			children = (
				6E197BDC2190D663006FC412 /* NGTools */,
				6E197BE72190D664006FC412 /* NGToolsTests */,
				6E197BDB2190D663006FC412 /* Products */,
			);
			sourceTree = "<group>";
		};
		6E197BDB2190D663006FC412 /* Products */ = {
			isa = PBXGroup;
			children = (
				6E197BDA2190D663006FC412 /* NGTools.framework */,
				6E197BE32190D664006FC412 /* NGToolsTests.xctest */,
			);
			name = Products;
			sourceTree = "<group>";
		};
		6E197BDC2190D663006FC412 /* NGTools */ = {
			isa = PBXGroup;
			children = (
				D81F229E21CC46C700B9382D /* network */,
				6E197BFB2190D672006FC412 /* Array.swift */,
				6E197BF52190D672006FC412 /* copyOnWriteValueType.swift */,
				6E197BF42190D672006FC412 /* curry.swift */,
				6E197BFD2190D672006FC412 /* stringify.swift */,
				6E197BF62190D672006FC412 /* json */,
				6E197BFA2190D672006FC412 /* memoization.swift */,
				6E197BFE2190D672006FC412 /* ui */,
				6E197BDD2190D663006FC412 /* NGTools.h */,
				6E197BDE2190D663006FC412 /* Info.plist */,
				D861C39E219225DE009E7E29 /* CacheItem.swift */,
				6EA14E612194B878005B44F7 /* Validator.swift */,
			);
			path = NGTools;
			sourceTree = "<group>";
		};
		6E197BE72190D664006FC412 /* NGToolsTests */ = {
			isa = PBXGroup;
			children = (
				6E197BEA2190D664006FC412 /* Info.plist */,
			);
			path = NGToolsTests;
			sourceTree = "<group>";
		};
		6E197BF62190D672006FC412 /* json */ = {
			isa = PBXGroup;
			children = (
				6E197BF72190D672006FC412 /* AnyDecodable.swift */,
				6E197BF82190D672006FC412 /* FailableDecodable.swift */,
				6E197BF92190D672006FC412 /* JsonLoader.swift */,
			);
			path = json;
			sourceTree = "<group>";
		};
		6E197BFE2190D672006FC412 /* ui */ = {
			isa = PBXGroup;
			children = (
				6E197BFF2190D672006FC412 /* UIColor+UIImage.swift */,
				6E197C002190D672006FC412 /* UIImage+UIColor.swift */,
			);
			path = ui;
			sourceTree = "<group>";
		};
		D81F229E21CC46C700B9382D /* network */ = {
			isa = PBXGroup;
			children = (
				D81F22A021CC477200B9382D /* Reachability.swift */,
			);
			path = network;
			sourceTree = "<group>";
		};
/* End PBXGroup section */

/* Begin PBXHeadersBuildPhase section */
		6E197BD52190D663006FC412 /* Headers */ = {
			isa = PBXHeadersBuildPhase;
			buildActionMask = 2147483647;
			files = (
				6E197BEB2190D664006FC412 /* NGTools.h in Headers */,
			);
			runOnlyForDeploymentPostprocessing = 0;
		};
/* End PBXHeadersBuildPhase section */

/* Begin PBXNativeTarget section */
		6E197BD92190D663006FC412 /* NGTools */ = {
			isa = PBXNativeTarget;
			buildConfigurationList = 6E197BEE2190D664006FC412 /* Build configuration list for PBXNativeTarget "NGTools" */;
			buildPhases = (
				6E197BD52190D663006FC412 /* Headers */,
				6E197BD62190D663006FC412 /* Sources */,
				6E197BD72190D663006FC412 /* Frameworks */,
				6E197BD82190D663006FC412 /* Resources */,
			);
			buildRules = (
			);
			dependencies = (
			);
			name = NGTools;
			productName = NGTools;
			productReference = 6E197BDA2190D663006FC412 /* NGTools.framework */;
			productType = "com.apple.product-type.framework";
		};
		6E197BE22190D664006FC412 /* NGToolsTests */ = {
			isa = PBXNativeTarget;
			buildConfigurationList = 6E197BF12190D664006FC412 /* Build configuration list for PBXNativeTarget "NGToolsTests" */;
			buildPhases = (
				6E197BDF2190D664006FC412 /* Sources */,
				6E197BE02190D664006FC412 /* Frameworks */,
				6E197BE12190D664006FC412 /* Resources */,
			);
			buildRules = (
			);
			dependencies = (
				6E197BE62190D664006FC412 /* PBXTargetDependency */,
			);
			name = NGToolsTests;
			productName = NGToolsTests;
			productReference = 6E197BE32190D664006FC412 /* NGToolsTests.xctest */;
			productType = "com.apple.product-type.bundle.unit-test";
		};
/* End PBXNativeTarget section */

/* Begin PBXProject section */
		6E197BD12190D663006FC412 /* Project object */ = {
			isa = PBXProject;
			attributes = {
				LastSwiftUpdateCheck = 1010;
				LastUpgradeCheck = 1010;
				ORGANIZATIONNAME = Nuglif;
				TargetAttributes = {
					6E197BD92190D663006FC412 = {
						CreatedOnToolsVersion = 10.1;
						LastSwiftMigration = 1010;
					};
					6E197BE22190D664006FC412 = {
						CreatedOnToolsVersion = 10.1;
					};
				};
			};
			buildConfigurationList = 6E197BD42190D663006FC412 /* Build configuration list for PBXProject "NGTools" */;
			compatibilityVersion = "Xcode 9.3";
			developmentRegion = en;
			hasScannedForEncodings = 0;
			knownRegions = (
				en,
			);
			mainGroup = 6E197BD02190D663006FC412;
			productRefGroup = 6E197BDB2190D663006FC412 /* Products */;
			projectDirPath = "";
			projectRoot = "";
			targets = (
				6E197BD92190D663006FC412 /* NGTools */,
				6E197BE22190D664006FC412 /* NGToolsTests */,
			);
		};
/* End PBXProject section */

/* Begin PBXResourcesBuildPhase section */
		6E197BD82190D663006FC412 /* Resources */ = {
			isa = PBXResourcesBuildPhase;
			buildActionMask = 2147483647;
			files = (
			);
			runOnlyForDeploymentPostprocessing = 0;
		};
		6E197BE12190D664006FC412 /* Resources */ = {
			isa = PBXResourcesBuildPhase;
			buildActionMask = 2147483647;
			files = (
			);
			runOnlyForDeploymentPostprocessing = 0;
		};
/* End PBXResourcesBuildPhase section */

/* Begin PBXSourcesBuildPhase section */
		6E197BD62190D663006FC412 /* Sources */ = {
			isa = PBXSourcesBuildPhase;
			buildActionMask = 2147483647;
			files = (
				6E197C032190D672006FC412 /* AnyDecodable.swift in Sources */,
				6E197C042190D672006FC412 /* FailableDecodable.swift in Sources */,
				6E197C072190D672006FC412 /* Array.swift in Sources */,
				6E197C012190D672006FC412 /* curry.swift in Sources */,
				6EA14E622194B878005B44F7 /* Validator.swift in Sources */,
				6E197C022190D672006FC412 /* copyOnWriteValueType.swift in Sources */,
				6E197C0A2190D672006FC412 /* UIImage+UIColor.swift in Sources */,
				6E197C092190D672006FC412 /* UIColor+UIImage.swift in Sources */,
				6E197C082190D672006FC412 /* stringify.swift in Sources */,
				6E197C062190D672006FC412 /* memoization.swift in Sources */,
				6E197C052190D672006FC412 /* JsonLoader.swift in Sources */,
				D861C39F219225DE009E7E29 /* CacheItem.swift in Sources */,
				D81F22A121CC477200B9382D /* Reachability.swift in Sources */,
			);
			runOnlyForDeploymentPostprocessing = 0;
		};
		6E197BDF2190D664006FC412 /* Sources */ = {
			isa = PBXSourcesBuildPhase;
			buildActionMask = 2147483647;
			files = (
			);
			runOnlyForDeploymentPostprocessing = 0;
		};
/* End PBXSourcesBuildPhase section */

/* Begin PBXTargetDependency section */
		6E197BE62190D664006FC412 /* PBXTargetDependency */ = {
			isa = PBXTargetDependency;
			target = 6E197BD92190D663006FC412 /* NGTools */;
			targetProxy = 6E197BE52190D664006FC412 /* PBXContainerItemProxy */;
		};
/* End PBXTargetDependency section */

/* Begin XCBuildConfiguration section */
		6E197BEC2190D664006FC412 /* Debug */ = {
			isa = XCBuildConfiguration;
			buildSettings = {
				ALWAYS_SEARCH_USER_PATHS = NO;
				CLANG_ANALYZER_NONNULL = YES;
				CLANG_ANALYZER_NUMBER_OBJECT_CONVERSION = YES_AGGRESSIVE;
				CLANG_CXX_LANGUAGE_STANDARD = "gnu++14";
				CLANG_CXX_LIBRARY = "libc++";
				CLANG_ENABLE_MODULES = YES;
				CLANG_ENABLE_OBJC_ARC = YES;
				CLANG_ENABLE_OBJC_WEAK = YES;
				CLANG_WARN_BLOCK_CAPTURE_AUTORELEASING = YES;
				CLANG_WARN_BOOL_CONVERSION = YES;
				CLANG_WARN_COMMA = YES;
				CLANG_WARN_CONSTANT_CONVERSION = YES;
				CLANG_WARN_DEPRECATED_OBJC_IMPLEMENTATIONS = YES;
				CLANG_WARN_DIRECT_OBJC_ISA_USAGE = YES_ERROR;
				CLANG_WARN_DOCUMENTATION_COMMENTS = YES;
				CLANG_WARN_EMPTY_BODY = YES;
				CLANG_WARN_ENUM_CONVERSION = YES;
				CLANG_WARN_INFINITE_RECURSION = YES;
				CLANG_WARN_INT_CONVERSION = YES;
				CLANG_WARN_NON_LITERAL_NULL_CONVERSION = YES;
				CLANG_WARN_OBJC_IMPLICIT_RETAIN_SELF = YES;
				CLANG_WARN_OBJC_LITERAL_CONVERSION = YES;
				CLANG_WARN_OBJC_ROOT_CLASS = YES_ERROR;
				CLANG_WARN_RANGE_LOOP_ANALYSIS = YES;
				CLANG_WARN_STRICT_PROTOTYPES = YES;
				CLANG_WARN_SUSPICIOUS_MOVE = YES;
				CLANG_WARN_UNGUARDED_AVAILABILITY = YES_AGGRESSIVE;
				CLANG_WARN_UNREACHABLE_CODE = YES;
				CLANG_WARN__DUPLICATE_METHOD_MATCH = YES;
				CODE_SIGN_IDENTITY = "iPhone Developer";
				COPY_PHASE_STRIP = NO;
				CURRENT_PROJECT_VERSION = 1;
				DEBUG_INFORMATION_FORMAT = dwarf;
				ENABLE_STRICT_OBJC_MSGSEND = YES;
				ENABLE_TESTABILITY = YES;
				GCC_C_LANGUAGE_STANDARD = gnu11;
				GCC_DYNAMIC_NO_PIC = NO;
				GCC_NO_COMMON_BLOCKS = YES;
				GCC_OPTIMIZATION_LEVEL = 0;
				GCC_PREPROCESSOR_DEFINITIONS = (
					"DEBUG=1",
					"$(inherited)",
				);
				GCC_WARN_64_TO_32_BIT_CONVERSION = YES;
				GCC_WARN_ABOUT_RETURN_TYPE = YES_ERROR;
				GCC_WARN_UNDECLARED_SELECTOR = YES;
				GCC_WARN_UNINITIALIZED_AUTOS = YES_AGGRESSIVE;
				GCC_WARN_UNUSED_FUNCTION = YES;
				GCC_WARN_UNUSED_VARIABLE = YES;
				IPHONEOS_DEPLOYMENT_TARGET = 12.1;
				MTL_ENABLE_DEBUG_INFO = INCLUDE_SOURCE;
				MTL_FAST_MATH = YES;
				ONLY_ACTIVE_ARCH = YES;
				SDKROOT = iphoneos;
				SWIFT_ACTIVE_COMPILATION_CONDITIONS = DEBUG;
				SWIFT_OPTIMIZATION_LEVEL = "-Onone";
				VERSIONING_SYSTEM = "apple-generic";
				VERSION_INFO_PREFIX = "";
			};
			name = Debug;
		};
		6E197BED2190D664006FC412 /* Release */ = {
			isa = XCBuildConfiguration;
			buildSettings = {
				ALWAYS_SEARCH_USER_PATHS = NO;
				CLANG_ANALYZER_NONNULL = YES;
				CLANG_ANALYZER_NUMBER_OBJECT_CONVERSION = YES_AGGRESSIVE;
				CLANG_CXX_LANGUAGE_STANDARD = "gnu++14";
				CLANG_CXX_LIBRARY = "libc++";
				CLANG_ENABLE_MODULES = YES;
				CLANG_ENABLE_OBJC_ARC = YES;
				CLANG_ENABLE_OBJC_WEAK = YES;
				CLANG_WARN_BLOCK_CAPTURE_AUTORELEASING = YES;
				CLANG_WARN_BOOL_CONVERSION = YES;
				CLANG_WARN_COMMA = YES;
				CLANG_WARN_CONSTANT_CONVERSION = YES;
				CLANG_WARN_DEPRECATED_OBJC_IMPLEMENTATIONS = YES;
				CLANG_WARN_DIRECT_OBJC_ISA_USAGE = YES_ERROR;
				CLANG_WARN_DOCUMENTATION_COMMENTS = YES;
				CLANG_WARN_EMPTY_BODY = YES;
				CLANG_WARN_ENUM_CONVERSION = YES;
				CLANG_WARN_INFINITE_RECURSION = YES;
				CLANG_WARN_INT_CONVERSION = YES;
				CLANG_WARN_NON_LITERAL_NULL_CONVERSION = YES;
				CLANG_WARN_OBJC_IMPLICIT_RETAIN_SELF = YES;
				CLANG_WARN_OBJC_LITERAL_CONVERSION = YES;
				CLANG_WARN_OBJC_ROOT_CLASS = YES_ERROR;
				CLANG_WARN_RANGE_LOOP_ANALYSIS = YES;
				CLANG_WARN_STRICT_PROTOTYPES = YES;
				CLANG_WARN_SUSPICIOUS_MOVE = YES;
				CLANG_WARN_UNGUARDED_AVAILABILITY = YES_AGGRESSIVE;
				CLANG_WARN_UNREACHABLE_CODE = YES;
				CLANG_WARN__DUPLICATE_METHOD_MATCH = YES;
				CODE_SIGN_IDENTITY = "iPhone Developer";
				COPY_PHASE_STRIP = NO;
				CURRENT_PROJECT_VERSION = 1;
				DEBUG_INFORMATION_FORMAT = "dwarf-with-dsym";
				ENABLE_NS_ASSERTIONS = NO;
				ENABLE_STRICT_OBJC_MSGSEND = YES;
				GCC_C_LANGUAGE_STANDARD = gnu11;
				GCC_NO_COMMON_BLOCKS = YES;
				GCC_WARN_64_TO_32_BIT_CONVERSION = YES;
				GCC_WARN_ABOUT_RETURN_TYPE = YES_ERROR;
				GCC_WARN_UNDECLARED_SELECTOR = YES;
				GCC_WARN_UNINITIALIZED_AUTOS = YES_AGGRESSIVE;
				GCC_WARN_UNUSED_FUNCTION = YES;
				GCC_WARN_UNUSED_VARIABLE = YES;
				IPHONEOS_DEPLOYMENT_TARGET = 12.1;
				MTL_ENABLE_DEBUG_INFO = NO;
				MTL_FAST_MATH = YES;
				SDKROOT = iphoneos;
				SWIFT_COMPILATION_MODE = wholemodule;
				SWIFT_OPTIMIZATION_LEVEL = "-O";
				VALIDATE_PRODUCT = YES;
				VERSIONING_SYSTEM = "apple-generic";
				VERSION_INFO_PREFIX = "";
			};
			name = Release;
		};
		6E197BEF2190D664006FC412 /* Debug */ = {
			isa = XCBuildConfiguration;
			buildSettings = {
				CLANG_ENABLE_MODULES = YES;
				CODE_SIGN_IDENTITY = "";
				CODE_SIGN_STYLE = Automatic;
				DEFINES_MODULE = YES;
				DEVELOPMENT_TEAM = Z45WA4MSEP;
				DYLIB_COMPATIBILITY_VERSION = 1;
				DYLIB_CURRENT_VERSION = 1;
				DYLIB_INSTALL_NAME_BASE = "@rpath";
				INFOPLIST_FILE = NGTools/Info.plist;
				INSTALL_PATH = "$(LOCAL_LIBRARY_DIR)/Frameworks";
				LD_RUNPATH_SEARCH_PATHS = (
					"$(inherited)",
					"@executable_path/Frameworks",
					"@loader_path/Frameworks",
				);
				PRODUCT_BUNDLE_IDENTIFIER = ca.entreprise.NGTools;
				PRODUCT_NAME = "$(TARGET_NAME:c99extidentifier)";
				SKIP_INSTALL = YES;
				SWIFT_OPTIMIZATION_LEVEL = "-Onone";
				SWIFT_VERSION = 4.2;
				TARGETED_DEVICE_FAMILY = "1,2";
			};
			name = Debug;
		};
		6E197BF02190D664006FC412 /* Release */ = {
			isa = XCBuildConfiguration;
			buildSettings = {
				CLANG_ENABLE_MODULES = YES;
				CODE_SIGN_IDENTITY = "";
				CODE_SIGN_STYLE = Automatic;
				DEFINES_MODULE = YES;
				DEVELOPMENT_TEAM = Z45WA4MSEP;
				DYLIB_COMPATIBILITY_VERSION = 1;
				DYLIB_CURRENT_VERSION = 1;
				DYLIB_INSTALL_NAME_BASE = "@rpath";
				INFOPLIST_FILE = NGTools/Info.plist;
				INSTALL_PATH = "$(LOCAL_LIBRARY_DIR)/Frameworks";
				LD_RUNPATH_SEARCH_PATHS = (
					"$(inherited)",
					"@executable_path/Frameworks",
					"@loader_path/Frameworks",
				);
				PRODUCT_BUNDLE_IDENTIFIER = ca.entreprise.NGTools;
				PRODUCT_NAME = "$(TARGET_NAME:c99extidentifier)";
				SKIP_INSTALL = YES;
				SWIFT_VERSION = 4.2;
				TARGETED_DEVICE_FAMILY = "1,2";
			};
			name = Release;
		};
		6E197BF22190D664006FC412 /* Debug */ = {
			isa = XCBuildConfiguration;
			buildSettings = {
				ALWAYS_EMBED_SWIFT_STANDARD_LIBRARIES = YES;
				CODE_SIGN_STYLE = Automatic;
				DEVELOPMENT_TEAM = Z45WA4MSEP;
				INFOPLIST_FILE = NGToolsTests/Info.plist;
				LD_RUNPATH_SEARCH_PATHS = (
					"$(inherited)",
					"@executable_path/Frameworks",
					"@loader_path/Frameworks",
				);
				PRODUCT_BUNDLE_IDENTIFIER = ca.entreprise.NGToolsTests;
				PRODUCT_NAME = "$(TARGET_NAME)";
				SWIFT_VERSION = 4.2;
				TARGETED_DEVICE_FAMILY = "1,2";
			};
			name = Debug;
		};
		6E197BF32190D664006FC412 /* Release */ = {
			isa = XCBuildConfiguration;
			buildSettings = {
				ALWAYS_EMBED_SWIFT_STANDARD_LIBRARIES = YES;
				CODE_SIGN_STYLE = Automatic;
				DEVELOPMENT_TEAM = Z45WA4MSEP;
				INFOPLIST_FILE = NGToolsTests/Info.plist;
				LD_RUNPATH_SEARCH_PATHS = (
					"$(inherited)",
					"@executable_path/Frameworks",
					"@loader_path/Frameworks",
				);
				PRODUCT_BUNDLE_IDENTIFIER = ca.entreprise.NGToolsTests;
				PRODUCT_NAME = "$(TARGET_NAME)";
				SWIFT_VERSION = 4.2;
				TARGETED_DEVICE_FAMILY = "1,2";
			};
			name = Release;
		};
/* End XCBuildConfiguration section */

/* Begin XCConfigurationList section */
		6E197BD42190D663006FC412 /* Build configuration list for PBXProject "NGTools" */ = {
			isa = XCConfigurationList;
			buildConfigurations = (
				6E197BEC2190D664006FC412 /* Debug */,
				6E197BED2190D664006FC412 /* Release */,
			);
			defaultConfigurationIsVisible = 0;
			defaultConfigurationName = Release;
		};
		6E197BEE2190D664006FC412 /* Build configuration list for PBXNativeTarget "NGTools" */ = {
			isa = XCConfigurationList;
			buildConfigurations = (
				6E197BEF2190D664006FC412 /* Debug */,
				6E197BF02190D664006FC412 /* Release */,
			);
			defaultConfigurationIsVisible = 0;
			defaultConfigurationName = Release;
		};
		6E197BF12190D664006FC412 /* Build configuration list for PBXNativeTarget "NGToolsTests" */ = {
			isa = XCConfigurationList;
			buildConfigurations = (
				6E197BF22190D664006FC412 /* Debug */,
				6E197BF32190D664006FC412 /* Release */,
			);
			defaultConfigurationIsVisible = 0;
			defaultConfigurationName = Release;
		};
/* End XCConfigurationList section */
	};
	rootObject = 6E197BD12190D663006FC412 /* Project object */;
}
